// !$*UTF8*$!
{
	archiveVersion = 1;
	classes = {
	};
	objectVersion = 46;
	objects = {

/* Begin PBXBuildFile section */
		EA4F862E1B55536C003E3504 /* PlayListModel.swift in Sources */ = {isa = PBXBuildFile; fileRef = EA4F862D1B55536C003E3504 /* PlayListModel.swift */; };
		EA4F86311B5553DA003E3504 /* Song.swift in Sources */ = {isa = PBXBuildFile; fileRef = EA4F86301B5553DA003E3504 /* Song.swift */; };
		EA4F86331B555595003E3504 /* CalculationHelper.swift in Sources */ = {isa = PBXBuildFile; fileRef = EA4F86321B555595003E3504 /* CalculationHelper.swift */; };
		EA994E411B57ADEA00256072 /* 1.jpg in Resources */ = {isa = PBXBuildFile; fileRef = EA994E401B57ADEA00256072 /* 1.jpg */; };
		EA994E471B57BC5600256072 /* Defaults.swift in Sources */ = {isa = PBXBuildFile; fileRef = EA994E461B57BC5600256072 /* Defaults.swift */; };
		EAB0AED51B554712005AADD7 /* ServerApi.swift in Sources */ = {isa = PBXBuildFile; fileRef = EAB0AED41B554712005AADD7 /* ServerApi.swift */; };
		EAB0AEDA1B554737005AADD7 /* FirstViewController.swift in Sources */ = {isa = PBXBuildFile; fileRef = EAB0AED71B554737005AADD7 /* FirstViewController.swift */; };
		EAB0AEDB1B554737005AADD7 /* ModalViewController.swift in Sources */ = {isa = PBXBuildFile; fileRef = EAB0AED81B554737005AADD7 /* ModalViewController.swift */; };
		EAB0AEDC1B554737005AADD7 /* SecondViewController.swift in Sources */ = {isa = PBXBuildFile; fileRef = EAB0AED91B554737005AADD7 /* SecondViewController.swift */; };
		EAB0AEDF1B554884005AADD7 /* BaseHelper.swift in Sources */ = {isa = PBXBuildFile; fileRef = EAB0AEDE1B554884005AADD7 /* BaseHelper.swift */; };
		EAF6AEC01B4E90A100FDA811 /* AppDelegate.swift in Sources */ = {isa = PBXBuildFile; fileRef = EAF6AEBF1B4E90A100FDA811 /* AppDelegate.swift */; };
		EAF6AEC71B4E90A100FDA811 /* Main.storyboard in Resources */ = {isa = PBXBuildFile; fileRef = EAF6AEC51B4E90A100FDA811 /* Main.storyboard */; };
		EAF6AEC91B4E90A100FDA811 /* Images.xcassets in Resources */ = {isa = PBXBuildFile; fileRef = EAF6AEC81B4E90A100FDA811 /* Images.xcassets */; };
		EAF6AECC1B4E90A100FDA811 /* LaunchScreen.xib in Resources */ = {isa = PBXBuildFile; fileRef = EAF6AECA1B4E90A100FDA811 /* LaunchScreen.xib */; };
		EAF6AED81B4E90A100FDA811 /* ConsultingTests.swift in Sources */ = {isa = PBXBuildFile; fileRef = EAF6AED71B4E90A100FDA811 /* ConsultingTests.swift */; };
/* End PBXBuildFile section */

/* Begin PBXContainerItemProxy section */
		EAF6AED21B4E90A100FDA811 /* PBXContainerItemProxy */ = {
			isa = PBXContainerItemProxy;
			containerPortal = EAF6AEB21B4E90A100FDA811 /* Project object */;
			proxyType = 1;
			remoteGlobalIDString = EAF6AEB91B4E90A100FDA811;
			remoteInfo = Consulting;
		};
/* End PBXContainerItemProxy section */

/* Begin PBXFileReference section */
		EA4F862D1B55536C003E3504 /* PlayListModel.swift */ = {isa = PBXFileReference; fileEncoding = 4; lastKnownFileType = sourcecode.swift; name = PlayListModel.swift; path = Models/PlayListModel.swift; sourceTree = "<group>"; };
		EA4F86301B5553DA003E3504 /* Song.swift */ = {isa = PBXFileReference; fileEncoding = 4; lastKnownFileType = sourcecode.swift; name = Song.swift; path = DataModel/Song.swift; sourceTree = "<group>"; };
		EA4F86321B555595003E3504 /* CalculationHelper.swift */ = {isa = PBXFileReference; fileEncoding = 4; lastKnownFileType = sourcecode.swift; name = CalculationHelper.swift; path = Helpers/CalculationHelper.swift; sourceTree = "<group>"; };
		EA994E401B57ADEA00256072 /* 1.jpg */ = {isa = PBXFileReference; lastKnownFileType = image.jpeg; name = 1.jpg; path = Images/1.jpg; sourceTree = "<group>"; };
		EA994E461B57BC5600256072 /* Defaults.swift */ = {isa = PBXFileReference; fileEncoding = 4; lastKnownFileType = sourcecode.swift; path = Defaults.swift; sourceTree = "<group>"; };
		EAB0AED41B554712005AADD7 /* ServerApi.swift */ = {isa = PBXFileReference; fileEncoding = 4; lastKnownFileType = sourcecode.swift; name = ServerApi.swift; path = Services/ServerApi.swift; sourceTree = "<group>"; };
		EAB0AED71B554737005AADD7 /* FirstViewController.swift */ = {isa = PBXFileReference; fileEncoding = 4; lastKnownFileType = sourcecode.swift; name = FirstViewController.swift; path = ViewControllers/FirstViewController.swift; sourceTree = "<group>"; };
		EAB0AED81B554737005AADD7 /* ModalViewController.swift */ = {isa = PBXFileReference; fileEncoding = 4; lastKnownFileType = sourcecode.swift; name = ModalViewController.swift; path = ViewControllers/ModalViewController.swift; sourceTree = "<group>"; };
		EAB0AED91B554737005AADD7 /* SecondViewController.swift */ = {isa = PBXFileReference; fileEncoding = 4; lastKnownFileType = sourcecode.swift; name = SecondViewController.swift; path = ViewControllers/SecondViewController.swift; sourceTree = "<group>"; };
		EAB0AEDE1B554884005AADD7 /* BaseHelper.swift */ = {isa = PBXFileReference; fileEncoding = 4; lastKnownFileType = sourcecode.swift; name = BaseHelper.swift; path = Helpers/BaseHelper.swift; sourceTree = "<group>"; };
		EAF6AEBA1B4E90A100FDA811 /* Consulting.app */ = {isa = PBXFileReference; explicitFileType = wrapper.application; includeInIndex = 0; path = Consulting.app; sourceTree = BUILT_PRODUCTS_DIR; };
		EAF6AEBE1B4E90A100FDA811 /* Info.plist */ = {isa = PBXFileReference; lastKnownFileType = text.plist.xml; path = Info.plist; sourceTree = "<group>"; };
		EAF6AEBF1B4E90A100FDA811 /* AppDelegate.swift */ = {isa = PBXFileReference; lastKnownFileType = sourcecode.swift; path = AppDelegate.swift; sourceTree = "<group>"; };
		EAF6AEC61B4E90A100FDA811 /* Base */ = {isa = PBXFileReference; lastKnownFileType = file.storyboard; name = Base; path = Base.lproj/Main.storyboard; sourceTree = "<group>"; };
		EAF6AEC81B4E90A100FDA811 /* Images.xcassets */ = {isa = PBXFileReference; lastKnownFileType = folder.assetcatalog; path = Images.xcassets; sourceTree = "<group>"; };
		EAF6AECB1B4E90A100FDA811 /* Base */ = {isa = PBXFileReference; lastKnownFileType = file.xib; name = Base; path = Base.lproj/LaunchScreen.xib; sourceTree = "<group>"; };
		EAF6AED11B4E90A100FDA811 /* ConsultingTests.xctest */ = {isa = PBXFileReference; explicitFileType = wrapper.cfbundle; includeInIndex = 0; path = ConsultingTests.xctest; sourceTree = BUILT_PRODUCTS_DIR; };
		EAF6AED61B4E90A100FDA811 /* Info.plist */ = {isa = PBXFileReference; lastKnownFileType = text.plist.xml; path = Info.plist; sourceTree = "<group>"; };
		EAF6AED71B4E90A100FDA811 /* ConsultingTests.swift */ = {isa = PBXFileReference; lastKnownFileType = sourcecode.swift; path = ConsultingTests.swift; sourceTree = "<group>"; };
/* End PBXFileReference section */

/* Begin PBXFrameworksBuildPhase section */
		EAF6AEB71B4E90A100FDA811 /* Frameworks */ = {
			isa = PBXFrameworksBuildPhase;
			buildActionMask = 2147483647;
			files = (
			);
			runOnlyForDeploymentPostprocessing = 0;
		};
		EAF6AECE1B4E90A100FDA811 /* Frameworks */ = {
			isa = PBXFrameworksBuildPhase;
			buildActionMask = 2147483647;
			files = (
			);
			runOnlyForDeploymentPostprocessing = 0;
		};
/* End PBXFrameworksBuildPhase section */

/* Begin PBXGroup section */
		EA4F862C1B555343003E3504 /* Models */ = {
			isa = PBXGroup;
			children = (
				EA4F862D1B55536C003E3504 /* PlayListModel.swift */,
			);
			name = Models;
			sourceTree = "<group>";
		};
		EA4F862F1B5553C6003E3504 /* DataModel */ = {
			isa = PBXGroup;
			children = (
				EA4F86301B5553DA003E3504 /* Song.swift */,
			);
			name = DataModel;
			sourceTree = "<group>";
		};
		EA994E3F1B57ACCA00256072 /* Images */ = {
			isa = PBXGroup;
			children = (
				EA994E401B57ADEA00256072 /* 1.jpg */,
			);
			name = Images;
			sourceTree = "<group>";
		};
		EAB0AECF1B554692005AADD7 /* Services */ = {
			isa = PBXGroup;
			children = (
				EAB0AED41B554712005AADD7 /* ServerApi.swift */,
			);
			name = Services;
			sourceTree = "<group>";
		};
		EAB0AED61B55471F005AADD7 /* ViewControllers */ = {
			isa = PBXGroup;
			children = (
				EAB0AED71B554737005AADD7 /* FirstViewController.swift */,
				EAB0AED81B554737005AADD7 /* ModalViewController.swift */,
				EAB0AED91B554737005AADD7 /* SecondViewController.swift */,
			);
			name = ViewControllers;
			sourceTree = "<group>";
		};
		EAB0AEDD1B554867005AADD7 /* Helpers */ = {
			isa = PBXGroup;
			children = (
				EAB0AEDE1B554884005AADD7 /* BaseHelper.swift */,
				EA4F86321B555595003E3504 /* CalculationHelper.swift */,
			);
			name = Helpers;
			sourceTree = "<group>";
		};
		EAF6AEB11B4E90A100FDA811 = {
			isa = PBXGroup;
			children = (
				EAF6AEBC1B4E90A100FDA811 /* Consulting */,
				EAF6AED41B4E90A100FDA811 /* ConsultingTests */,
				EAF6AEBB1B4E90A100FDA811 /* Products */,
			);
			sourceTree = "<group>";
		};
		EAF6AEBB1B4E90A100FDA811 /* Products */ = {
			isa = PBXGroup;
			children = (
				EAF6AEBA1B4E90A100FDA811 /* Consulting.app */,
				EAF6AED11B4E90A100FDA811 /* ConsultingTests.xctest */,
			);
			name = Products;
			sourceTree = "<group>";
		};
		EAF6AEBC1B4E90A100FDA811 /* Consulting */ = {
			isa = PBXGroup;
			children = (
				EA994E3F1B57ACCA00256072 /* Images */,
				EA4F862F1B5553C6003E3504 /* DataModel */,
				EA4F862C1B555343003E3504 /* Models */,
				EAB0AEDD1B554867005AADD7 /* Helpers */,
				EAB0AED61B55471F005AADD7 /* ViewControllers */,
				EAB0AECF1B554692005AADD7 /* Services */,
				EAF6AEBF1B4E90A100FDA811 /* AppDelegate.swift */,
				EA994E461B57BC5600256072 /* Defaults.swift */,
				EAF6AEC51B4E90A100FDA811 /* Main.storyboard */,
				EAF6AEC81B4E90A100FDA811 /* Images.xcassets */,
				EAF6AECA1B4E90A100FDA811 /* LaunchScreen.xib */,
				EAF6AEBD1B4E90A100FDA811 /* Supporting Files */,
			);
			path = Consulting;
			sourceTree = "<group>";
		};
		EAF6AEBD1B4E90A100FDA811 /* Supporting Files */ = {
			isa = PBXGroup;
			children = (
				EAF6AEBE1B4E90A100FDA811 /* Info.plist */,
			);
			name = "Supporting Files";
			sourceTree = "<group>";
		};
		EAF6AED41B4E90A100FDA811 /* ConsultingTests */ = {
			isa = PBXGroup;
			children = (
				EAF6AED71B4E90A100FDA811 /* ConsultingTests.swift */,
				EAF6AED51B4E90A100FDA811 /* Supporting Files */,
			);
			path = ConsultingTests;
			sourceTree = "<group>";
		};
		EAF6AED51B4E90A100FDA811 /* Supporting Files */ = {
			isa = PBXGroup;
			children = (
				EAF6AED61B4E90A100FDA811 /* Info.plist */,
			);
			name = "Supporting Files";
			sourceTree = "<group>";
		};
/* End PBXGroup section */

/* Begin PBXNativeTarget section */
		EAF6AEB91B4E90A100FDA811 /* Consulting */ = {
			isa = PBXNativeTarget;
			buildConfigurationList = EAF6AEDB1B4E90A100FDA811 /* Build configuration list for PBXNativeTarget "Consulting" */;
			buildPhases = (
				EAF6AEB61B4E90A100FDA811 /* Sources */,
				EAF6AEB71B4E90A100FDA811 /* Frameworks */,
				EAF6AEB81B4E90A100FDA811 /* Resources */,
			);
			buildRules = (
			);
			dependencies = (
			);
			name = Consulting;
			productName = Consulting;
			productReference = EAF6AEBA1B4E90A100FDA811 /* Consulting.app */;
			productType = "com.apple.product-type.application";
		};
		EAF6AED01B4E90A100FDA811 /* ConsultingTests */ = {
			isa = PBXNativeTarget;
			buildConfigurationList = EAF6AEDE1B4E90A100FDA811 /* Build configuration list for PBXNativeTarget "ConsultingTests" */;
			buildPhases = (
				EAF6AECD1B4E90A100FDA811 /* Sources */,
				EAF6AECE1B4E90A100FDA811 /* Frameworks */,
				EAF6AECF1B4E90A100FDA811 /* Resources */,
			);
			buildRules = (
			);
			dependencies = (
				EAF6AED31B4E90A100FDA811 /* PBXTargetDependency */,
			);
			name = ConsultingTests;
			productName = ConsultingTests;
			productReference = EAF6AED11B4E90A100FDA811 /* ConsultingTests.xctest */;
			productType = "com.apple.product-type.bundle.unit-test";
		};
/* End PBXNativeTarget section */

/* Begin PBXProject section */
		EAF6AEB21B4E90A100FDA811 /* Project object */ = {
			isa = PBXProject;
			attributes = {
				LastUpgradeCheck = 0640;
				ORGANIZATIONNAME = "Svitlana Moiseyenko";
				TargetAttributes = {
					EAF6AEB91B4E90A100FDA811 = {
						CreatedOnToolsVersion = 6.4;
						SystemCapabilities = {
							com.apple.BackgroundModes = {
								enabled = 1;
							};
						};
					};
					EAF6AED01B4E90A100FDA811 = {
						CreatedOnToolsVersion = 6.4;
						TestTargetID = EAF6AEB91B4E90A100FDA811;
					};
				};
			};
			buildConfigurationList = EAF6AEB51B4E90A100FDA811 /* Build configuration list for PBXProject "Consulting" */;
			compatibilityVersion = "Xcode 3.2";
			developmentRegion = English;
			hasScannedForEncodings = 0;
			knownRegions = (
				en,
				Base,
			);
			mainGroup = EAF6AEB11B4E90A100FDA811;
			productRefGroup = EAF6AEBB1B4E90A100FDA811 /* Products */;
			projectDirPath = "";
			projectRoot = "";
			targets = (
				EAF6AEB91B4E90A100FDA811 /* Consulting */,
				EAF6AED01B4E90A100FDA811 /* ConsultingTests */,
			);
		};
/* End PBXProject section */

/* Begin PBXResourcesBuildPhase section */
		EAF6AEB81B4E90A100FDA811 /* Resources */ = {
			isa = PBXResourcesBuildPhase;
			buildActionMask = 2147483647;
			files = (
				EAF6AEC71B4E90A100FDA811 /* Main.storyboard in Resources */,
				EA994E411B57ADEA00256072 /* 1.jpg in Resources */,
				EAF6AECC1B4E90A100FDA811 /* LaunchScreen.xib in Resources */,
				EAF6AEC91B4E90A100FDA811 /* Images.xcassets in Resources */,
			);
			runOnlyForDeploymentPostprocessing = 0;
		};
		EAF6AECF1B4E90A100FDA811 /* Resources */ = {
			isa = PBXResourcesBuildPhase;
			buildActionMask = 2147483647;
			files = (
			);
			runOnlyForDeploymentPostprocessing = 0;
		};
/* End PBXResourcesBuildPhase section */

/* Begin PBXSourcesBuildPhase section */
		EAF6AEB61B4E90A100FDA811 /* Sources */ = {
			isa = PBXSourcesBuildPhase;
			buildActionMask = 2147483647;
			files = (
				EA4F862E1B55536C003E3504 /* PlayListModel.swift in Sources */,
				EAB0AEDB1B554737005AADD7 /* ModalViewController.swift in Sources */,
				EA4F86331B555595003E3504 /* CalculationHelper.swift in Sources */,
				EAB0AEDA1B554737005AADD7 /* FirstViewController.swift in Sources */,
				EA4F86311B5553DA003E3504 /* Song.swift in Sources */,
				EAB0AEDF1B554884005AADD7 /* BaseHelper.swift in Sources */,
				EAB0AED51B554712005AADD7 /* ServerApi.swift in Sources */,
				EA994E471B57BC5600256072 /* Defaults.swift in Sources */,
				EAB0AEDC1B554737005AADD7 /* SecondViewController.swift in Sources */,
				EAF6AEC01B4E90A100FDA811 /* AppDelegate.swift in Sources */,
			);
			runOnlyForDeploymentPostprocessing = 0;
		};
		EAF6AECD1B4E90A100FDA811 /* Sources */ = {
			isa = PBXSourcesBuildPhase;
			buildActionMask = 2147483647;
			files = (
				EAF6AED81B4E90A100FDA811 /* ConsultingTests.swift in Sources */,
			);
			runOnlyForDeploymentPostprocessing = 0;
		};
/* End PBXSourcesBuildPhase section */

/* Begin PBXTargetDependency section */
		EAF6AED31B4E90A100FDA811 /* PBXTargetDependency */ = {
			isa = PBXTargetDependency;
			target = EAF6AEB91B4E90A100FDA811 /* Consulting */;
			targetProxy = EAF6AED21B4E90A100FDA811 /* PBXContainerItemProxy */;
		};
/* End PBXTargetDependency section */

/* Begin PBXVariantGroup section */
		EAF6AEC51B4E90A100FDA811 /* Main.storyboard */ = {
			isa = PBXVariantGroup;
			children = (
				EAF6AEC61B4E90A100FDA811 /* Base */,
			);
			name = Main.storyboard;
			sourceTree = "<group>";
		};
		EAF6AECA1B4E90A100FDA811 /* LaunchScreen.xib */ = {
			isa = PBXVariantGroup;
			children = (
				EAF6AECB1B4E90A100FDA811 /* Base */,
			);
			name = LaunchScreen.xib;
			sourceTree = "<group>";
		};
/* End PBXVariantGroup section */

/* Begin XCBuildConfiguration section */
		EAF6AED91B4E90A100FDA811 /* Debug */ = {
			isa = XCBuildConfiguration;
			buildSettings = {
				ALWAYS_SEARCH_USER_PATHS = NO;
				CLANG_CXX_LANGUAGE_STANDARD = "gnu++0x";
				CLANG_CXX_LIBRARY = "libc++";
				CLANG_ENABLE_MODULES = YES;
				CLANG_ENABLE_OBJC_ARC = YES;
				CLANG_WARN_BOOL_CONVERSION = YES;
				CLANG_WARN_CONSTANT_CONVERSION = YES;
				CLANG_WARN_DIRECT_OBJC_ISA_USAGE = YES_ERROR;
				CLANG_WARN_EMPTY_BODY = YES;
				CLANG_WARN_ENUM_CONVERSION = YES;
				CLANG_WARN_INT_CONVERSION = YES;
				CLANG_WARN_OBJC_ROOT_CLASS = YES_ERROR;
				CLANG_WARN_UNREACHABLE_CODE = YES;
				CLANG_WARN__DUPLICATE_METHOD_MATCH = YES;
				"CODE_SIGN_IDENTITY[sdk=iphoneos*]" = "iPhone Developer";
				COPY_PHASE_STRIP = NO;
				DEBUG_INFORMATION_FORMAT = "dwarf-with-dsym";
				ENABLE_STRICT_OBJC_MSGSEND = YES;
				GCC_C_LANGUAGE_STANDARD = gnu99;
				GCC_DYNAMIC_NO_PIC = NO;
				GCC_NO_COMMON_BLOCKS = YES;
				GCC_OPTIMIZATION_LEVEL = 0;
				GCC_PREPROCESSOR_DEFINITIONS = (
					"DEBUG=1",
					"$(inherited)",
				);
				GCC_SYMBOLS_PRIVATE_EXTERN = NO;
				GCC_WARN_64_TO_32_BIT_CONVERSION = YES;
				GCC_WARN_ABOUT_RETURN_TYPE = YES_ERROR;
				GCC_WARN_UNDECLARED_SELECTOR = YES;
				GCC_WARN_UNINITIALIZED_AUTOS = YES_AGGRESSIVE;
				GCC_WARN_UNUSED_FUNCTION = YES;
				GCC_WARN_UNUSED_VARIABLE = YES;
				IPHONEOS_DEPLOYMENT_TARGET = 8.4;
				MTL_ENABLE_DEBUG_INFO = YES;
				ONLY_ACTIVE_ARCH = YES;
				SDKROOT = iphoneos;
				SWIFT_OPTIMIZATION_LEVEL = "-Onone";
			};
			name = Debug;
		};
		EAF6AEDA1B4E90A100FDA811 /* Release */ = {
			isa = XCBuildConfiguration;
			buildSettings = {
				ALWAYS_SEARCH_USER_PATHS = NO;
				CLANG_CXX_LANGUAGE_STANDARD = "gnu++0x";
				CLANG_CXX_LIBRARY = "libc++";
				CLANG_ENABLE_MODULES = YES;
				CLANG_ENABLE_OBJC_ARC = YES;
				CLANG_WARN_BOOL_CONVERSION = YES;
				CLANG_WARN_CONSTANT_CONVERSION = YES;
				CLANG_WARN_DIRECT_OBJC_ISA_USAGE = YES_ERROR;
				CLANG_WARN_EMPTY_BODY = YES;
				CLANG_WARN_ENUM_CONVERSION = YES;
				CLANG_WARN_INT_CONVERSION = YES;
				CLANG_WARN_OBJC_ROOT_CLASS = YES_ERROR;
				CLANG_WARN_UNREACHABLE_CODE = YES;
				CLANG_WARN__DUPLICATE_METHOD_MATCH = YES;
				"CODE_SIGN_IDENTITY[sdk=iphoneos*]" = "iPhone Developer";
				COPY_PHASE_STRIP = NO;
				DEBUG_INFORMATION_FORMAT = "dwarf-with-dsym";
				ENABLE_NS_ASSERTIONS = NO;
				ENABLE_STRICT_OBJC_MSGSEND = YES;
				GCC_C_LANGUAGE_STANDARD = gnu99;
				GCC_NO_COMMON_BLOCKS = YES;
				GCC_WARN_64_TO_32_BIT_CONVERSION = YES;
				GCC_WARN_ABOUT_RETURN_TYPE = YES_ERROR;
				GCC_WARN_UNDECLARED_SELECTOR = YES;
				GCC_WARN_UNINITIALIZED_AUTOS = YES_AGGRESSIVE;
				GCC_WARN_UNUSED_FUNCTION = YES;
				GCC_WARN_UNUSED_VARIABLE = YES;
				IPHONEOS_DEPLOYMENT_TARGET = 8.4;
				MTL_ENABLE_DEBUG_INFO = NO;
				SDKROOT = iphoneos;
				VALIDATE_PRODUCT = YES;
			};
			name = Release;
		};
		EAF6AEDC1B4E90A100FDA811 /* Debug */ = {
			isa = XCBuildConfiguration;
			buildSettings = {
				ASSETCATALOG_COMPILER_APPICON_NAME = AppIcon;
				INFOPLIST_FILE = Consulting/Info.plist;
				LD_RUNPATH_SEARCH_PATHS = "$(inherited) @executable_path/Frameworks";
				PRODUCT_NAME = "$(TARGET_NAME)";
			};
			name = Debug;
		};
		EAF6AEDD1B4E90A100FDA811 /* Release */ = {
			isa = XCBuildConfiguration;
			buildSettings = {
				ASSETCATALOG_COMPILER_APPICON_NAME = AppIcon;
				INFOPLIST_FILE = Consulting/Info.plist;
				LD_RUNPATH_SEARCH_PATHS = "$(inherited) @executable_path/Frameworks";
				PRODUCT_NAME = "$(TARGET_NAME)";
			};
			name = Release;
		};
		EAF6AEDF1B4E90A100FDA811 /* Debug */ = {
			isa = XCBuildConfiguration;
			buildSettings = {
				BUNDLE_LOADER = "$(TEST_HOST)";
				FRAMEWORK_SEARCH_PATHS = (
					"$(SDKROOT)/Developer/Library/Frameworks",
					"$(inherited)",
				);
				GCC_PREPROCESSOR_DEFINITIONS = (
					"DEBUG=1",
					"$(inherited)",
				);
				INFOPLIST_FILE = ConsultingTests/Info.plist;
				LD_RUNPATH_SEARCH_PATHS = "$(inherited) @executable_path/Frameworks @loader_path/Frameworks";
				PRODUCT_NAME = "$(TARGET_NAME)";
				TEST_HOST = "$(BUILT_PRODUCTS_DIR)/Consulting.app/Consulting";
			};
			name = Debug;
		};
		EAF6AEE01B4E90A100FDA811 /* Release */ = {
			isa = XCBuildConfiguration;
			buildSettings = {
				BUNDLE_LOADER = "$(TEST_HOST)";
				FRAMEWORK_SEARCH_PATHS = (
					"$(SDKROOT)/Developer/Library/Frameworks",
					"$(inherited)",
				);
				INFOPLIST_FILE = ConsultingTests/Info.plist;
				LD_RUNPATH_SEARCH_PATHS = "$(inherited) @executable_path/Frameworks @loader_path/Frameworks";
				PRODUCT_NAME = "$(TARGET_NAME)";
				TEST_HOST = "$(BUILT_PRODUCTS_DIR)/Consulting.app/Consulting";
			};
			name = Release;
		};
/* End XCBuildConfiguration section */

/* Begin XCConfigurationList section */
		EAF6AEB51B4E90A100FDA811 /* Build configuration list for PBXProject "Consulting" */ = {
			isa = XCConfigurationList;
			buildConfigurations = (
				EAF6AED91B4E90A100FDA811 /* Debug */,
				EAF6AEDA1B4E90A100FDA811 /* Release */,
			);
			defaultConfigurationIsVisible = 0;
			defaultConfigurationName = Release;
		};
		EAF6AEDB1B4E90A100FDA811 /* Build configuration list for PBXNativeTarget "Consulting" */ = {
			isa = XCConfigurationList;
			buildConfigurations = (
				EAF6AEDC1B4E90A100FDA811 /* Debug */,
				EAF6AEDD1B4E90A100FDA811 /* Release */,
			);
			defaultConfigurationIsVisible = 0;
			defaultConfigurationName = Release;
		};
		EAF6AEDE1B4E90A100FDA811 /* Build configuration list for PBXNativeTarget "ConsultingTests" */ = {
			isa = XCConfigurationList;
			buildConfigurations = (
				EAF6AEDF1B4E90A100FDA811 /* Debug */,
				EAF6AEE01B4E90A100FDA811 /* Release */,
			);
			defaultConfigurationIsVisible = 0;
			defaultConfigurationName = Release;
		};
/* End XCConfigurationList section */
	};
	rootObject = EAF6AEB21B4E90A100FDA811 /* Project object */;
}
